
Microsoft Visual Studio Solution File, Format Version 12.00
# Visual Studio Version 16
VisualStudioVersion = 16.0.31829.152
MinimumVisualStudioVersion = 10.0.40219.1
Project("{FAE04EC0-301F-11D3-BF4B-00C04F79EFBC}") = "CurbHeightAdjuster", "CurbHeightAdjuster.csproj", "{F1F72E66-6F95-4BCE-AF85-81944DB359DD}"
EndProject
Global
	GlobalSection(SolutionConfigurationPlatforms) = preSolution
		Debug|Any CPU = Debug|Any CPU
		Release|Any CPU = Release|Any CPU
	EndGlobalSection
	GlobalSection(ProjectConfigurationPlatforms) = postSolution
		{F1F72E66-6F95-4BCE-AF85-81944DB359DD}.Debug|Any CPU.ActiveCfg = Debug|Any CPU
		{F1F72E66-6F95-4BCE-AF85-81944DB359DD}.Debug|Any CPU.Build.0 = Debug|Any CPU
		{F1F72E66-6F95-4BCE-AF85-81944DB359DD}.Release|Any CPU.ActiveCfg = Release|Any CPU
		{F1F72E66-6F95-4BCE-AF85-81944DB359DD}.Release|Any CPU.Build.0 = Release|Any CPU
	EndGlobalSection
	GlobalSection(SolutionProperties) = preSolution
		HideSolutionNode = FALSE
	EndGlobalSection
	GlobalSection(ExtensibilityGlobals) = postSolution
		SolutionGuid = {F5F3A5C4-94DD-4F14-ADFE-2C2044989AF6}
	EndGlobalSection
EndGlobal
